// !$*UTF8*$!
{
	archiveVersion = 1;
	classes = {
	};
	objectVersion = 77;
	objects = {

/* Begin PBXBuildFile section */
		EC12E7492DE7E198003E02E6 /* Localizable.xcstrings in Resources */ = {isa = PBXBuildFile; fileRef = EC12E7482DE7E198003E02E6 /* Localizable.xcstrings */; };
		EC12E74B2DE7E358003E02E6 /* Stock-Profit-Calculator-InfoPlist.xcstrings in Resources */ = {isa = PBXBuildFile; fileRef = EC12E74A2DE7E358003E02E6 /* Stock-Profit-Calculator-InfoPlist.xcstrings */; };
		EC2D7C5E2DE5587100BEF651 /* GoogleMobileAds in Frameworks */ = {isa = PBXBuildFile; productRef = EC2D7C5D2DE5587100BEF651 /* GoogleMobileAds */; };
		EC2D7C812DE57E9D00BEF651 /* Constants.swift in Sources */ = {isa = PBXBuildFile; fileRef = EC2D7C752DE57E9D00BEF651 /* Constants.swift */; };
		EC2D7C822DE57E9D00BEF651 /* BannerAds.swift in Sources */ = {isa = PBXBuildFile; fileRef = EC2D7C772DE57E9D00BEF651 /* BannerAds.swift */; };
		EC2D7C832DE57E9D00BEF651 /* CalculatorView.swift in Sources */ = {isa = PBXBuildFile; fileRef = EC2D7C782DE57E9D00BEF651 /* CalculatorView.swift */; };
		EC2D7C842DE57E9D00BEF651 /* SettingsView.swift in Sources */ = {isa = PBXBuildFile; fileRef = EC2D7C7A2DE57E9D00BEF651 /* SettingsView.swift */; };
		EC2D7C852DE57E9D00BEF651 /* Stock_Profit_CalculatorApp.swift in Sources */ = {isa = PBXBuildFile; fileRef = EC2D7C7B2DE57E9D00BEF651 /* Stock_Profit_CalculatorApp.swift */; };
		EC2D7C862DE57E9D00BEF651 /* Assets.xcassets in Resources */ = {isa = PBXBuildFile; fileRef = EC2D7C6D2DE57E9D00BEF651 /* Assets.xcassets */; };
		EC2D7C872DE57E9D00BEF651 /* StoreConfig.storekit in Resources */ = {isa = PBXBuildFile; fileRef = EC2D7C6E2DE57E9D00BEF651 /* StoreConfig.storekit */; };
		EC3CFC202F86E7F5005AA293 /* RevenueCat in Frameworks */ = {isa = PBXBuildFile; productRef = EC3CFC1F2F86E7F5005AA293 /* RevenueCat */; };
		EC3CFC222F86E7F5005AA293 /* RevenueCatUI in Frameworks */ = {isa = PBXBuildFile; productRef = EC3CFC212F86E7F5005AA293 /* RevenueCatUI */; };
		EC77B6962E3A9A4B001C4229 /* InterstitialAdManager.swift in Sources */ = {isa = PBXBuildFile; fileRef = EC77B6952E3A9A4B001C4229 /* InterstitialAdManager.swift */; };
		EC8ED2052DE436A400CDB667 /* StoreKit.framework in Frameworks */ = {isa = PBXBuildFile; fileRef = EC8ED2042DE436A400CDB667 /* StoreKit.framework */; };
		EC8ED2122DE439B100CDB667 /* FirebaseAnalytics in Frameworks */ = {isa = PBXBuildFile; productRef = EC8ED2112DE439B100CDB667 /* FirebaseAnalytics */; };
		EC8ED2172DE43C0100CDB667 /* AppTrackingTransparency.framework in Frameworks */ = {isa = PBXBuildFile; fileRef = EC8ED2162DE43C0100CDB667 /* AppTrackingTransparency.framework */; };
		EC8ED2192DE43C6100CDB667 /* AdSupport.framework in Frameworks */ = {isa = PBXBuildFile; fileRef = EC8ED2182DE43C6100CDB667 /* AdSupport.framework */; };
		ECAF1E8F2DEFC62A00D5AA6D /* GoogleService-Info.plist in Resources */ = {isa = PBXBuildFile; fileRef = ECAF1E8E2DEFC62A00D5AA6D /* GoogleService-Info.plist */; };
		ECAF1E912DEFCCD500D5AA6D /* FirebaseAnalyticsWithoutAdIdSupport in Frameworks */ = {isa = PBXBuildFile; productRef = ECAF1E902DEFCCD500D5AA6D /* FirebaseAnalyticsWithoutAdIdSupport */; };
		ECAFEEFF2DE6244E0036E4A1 /* ContentView.swift in Sources */ = {isa = PBXBuildFile; fileRef = ECAFEEFE2DE6244E0036E4A1 /* ContentView.swift */; };
		ECAFEF012DE62B310036E4A1 /* StocksTriviaView.swift in Sources */ = {isa = PBXBuildFile; fileRef = ECAFEF002DE62B310036E4A1 /* StocksTriviaView.swift */; };
/* End PBXBuildFile section */

/* Begin PBXFileReference section */
		EC12E7482DE7E198003E02E6 /* Localizable.xcstrings */ = {isa = PBXFileReference; lastKnownFileType = text.json.xcstrings; path = Localizable.xcstrings; sourceTree = "<group>"; };
		EC12E74A2DE7E358003E02E6 /* Stock-Profit-Calculator-InfoPlist.xcstrings */ = {isa = PBXFileReference; lastKnownFileType = text.json.xcstrings; name = "Stock-Profit-Calculator-InfoPlist.xcstrings"; path = "Stock Profit Calculator/Resources/Stock-Profit-Calculator-InfoPlist.xcstrings"; sourceTree = SOURCE_ROOT; };
		EC2D7C6D2DE57E9D00BEF651 /* Assets.xcassets */ = {isa = PBXFileReference; lastKnownFileType = folder.assetcatalog; path = Assets.xcassets; sourceTree = "<group>"; };
		EC2D7C6E2DE57E9D00BEF651 /* StoreConfig.storekit */ = {isa = PBXFileReference; lastKnownFileType = text; path = StoreConfig.storekit; sourceTree = "<group>"; };
		EC2D7C752DE57E9D00BEF651 /* Constants.swift */ = {isa = PBXFileReference; lastKnownFileType = sourcecode.swift; path = Constants.swift; sourceTree = "<group>"; };
		EC2D7C772DE57E9D00BEF651 /* BannerAds.swift */ = {isa = PBXFileReference; lastKnownFileType = sourcecode.swift; path = BannerAds.swift; sourceTree = "<group>"; };
		EC2D7C782DE57E9D00BEF651 /* CalculatorView.swift */ = {isa = PBXFileReference; lastKnownFileType = sourcecode.swift; path = CalculatorView.swift; sourceTree = "<group>"; };
		EC2D7C7A2DE57E9D00BEF651 /* SettingsView.swift */ = {isa = PBXFileReference; lastKnownFileType = sourcecode.swift; path = SettingsView.swift; sourceTree = "<group>"; };
		EC2D7C7B2DE57E9D00BEF651 /* Stock_Profit_CalculatorApp.swift */ = {isa = PBXFileReference; lastKnownFileType = sourcecode.swift; path = Stock_Profit_CalculatorApp.swift; sourceTree = "<group>"; };
		EC77B6952E3A9A4B001C4229 /* InterstitialAdManager.swift */ = {isa = PBXFileReference; lastKnownFileType = sourcecode.swift; path = InterstitialAdManager.swift; sourceTree = "<group>"; };
		EC8ED1F12DE2AD3100CDB667 /* Stock Profit Calculator.app */ = {isa = PBXFileReference; explicitFileType = wrapper.application; includeInIndex = 0; path = "Stock Profit Calculator.app"; sourceTree = BUILT_PRODUCTS_DIR; };
		EC8ED2042DE436A400CDB667 /* StoreKit.framework */ = {isa = PBXFileReference; lastKnownFileType = wrapper.framework; name = StoreKit.framework; path = System/Library/Frameworks/StoreKit.framework; sourceTree = SDKROOT; };
		EC8ED2162DE43C0100CDB667 /* AppTrackingTransparency.framework */ = {isa = PBXFileReference; lastKnownFileType = wrapper.framework; name = AppTrackingTransparency.framework; path = System/Library/Frameworks/AppTrackingTransparency.framework; sourceTree = SDKROOT; };
		EC8ED2182DE43C6100CDB667 /* AdSupport.framework */ = {isa = PBXFileReference; lastKnownFileType = wrapper.framework; name = AdSupport.framework; path = System/Library/Frameworks/AdSupport.framework; sourceTree = SDKROOT; };
		ECAF1E8E2DEFC62A00D5AA6D /* GoogleService-Info.plist */ = {isa = PBXFileReference; lastKnownFileType = text.plist.xml; path = "GoogleService-Info.plist"; sourceTree = "<group>"; };
		ECAFEEFE2DE6244E0036E4A1 /* ContentView.swift */ = {isa = PBXFileReference; lastKnownFileType = sourcecode.swift; path = ContentView.swift; sourceTree = "<group>"; };
		ECAFEF002DE62B310036E4A1 /* StocksTriviaView.swift */ = {isa = PBXFileReference; lastKnownFileType = sourcecode.swift; path = StocksTriviaView.swift; sourceTree = "<group>"; };
/* End PBXFileReference section */

/* Begin PBXFrameworksBuildPhase section */
		EC8ED1EE2DE2AD3100CDB667 /* Frameworks */ = {
			isa = PBXFrameworksBuildPhase;
			buildActionMask = 2147483647;
			files = (
				EC8ED2172DE43C0100CDB667 /* AppTrackingTransparency.framework in Frameworks */,
				EC8ED2192DE43C6100CDB667 /* AdSupport.framework in Frameworks */,
				EC3CFC202F86E7F5005AA293 /* RevenueCat in Frameworks */,
				EC2D7C5E2DE5587100BEF651 /* GoogleMobileAds in Frameworks */,
				EC3CFC222F86E7F5005AA293 /* RevenueCatUI in Frameworks */,
				ECAF1E912DEFCCD500D5AA6D /* FirebaseAnalyticsWithoutAdIdSupport in Frameworks */,
				EC8ED2122DE439B100CDB667 /* FirebaseAnalytics in Frameworks */,
				EC8ED2052DE436A400CDB667 /* StoreKit.framework in Frameworks */,
			);
			runOnlyForDeploymentPostprocessing = 0;
		};
/* End PBXFrameworksBuildPhase section */

/* Begin PBXGroup section */
		EC2D7C6F2DE57E9D00BEF651 /* Resources */ = {
			isa = PBXGroup;
			children = (
				EC2D7C6D2DE57E9D00BEF651 /* Assets.xcassets */,
				EC2D7C6E2DE57E9D00BEF651 /* StoreConfig.storekit */,
				EC12E7482DE7E198003E02E6 /* Localizable.xcstrings */,
				EC12E74A2DE7E358003E02E6 /* Stock-Profit-Calculator-InfoPlist.xcstrings */,
			);
			path = Resources;
			sourceTree = "<group>";
		};
		EC2D7C7C2DE57E9D00BEF651 /* Stock Profit Calculator */ = {
			isa = PBXGroup;
			children = (
				ECAF1E8E2DEFC62A00D5AA6D /* GoogleService-Info.plist */,
				EC2D7C7B2DE57E9D00BEF651 /* Stock_Profit_CalculatorApp.swift */,
				ECAFEF032DE6A6030036E4A1 /* Components */,
				ECAFEF022DE6A5ED0036E4A1 /* Views */,
				EC2D7C6F2DE57E9D00BEF651 /* Resources */,
			);
			path = "Stock Profit Calculator";
			sourceTree = "<group>";
		};
		EC8ED1E82DE2AD3100CDB667 = {
			isa = PBXGroup;
			children = (
				EC2D7C7C2DE57E9D00BEF651 /* Stock Profit Calculator */,
				EC8ED2032DE436A300CDB667 /* Frameworks */,
				EC8ED1F22DE2AD3100CDB667 /* Products */,
			);
			sourceTree = "<group>";
		};
		EC8ED1F22DE2AD3100CDB667 /* Products */ = {
			isa = PBXGroup;
			children = (
				EC8ED1F12DE2AD3100CDB667 /* Stock Profit Calculator.app */,
			);
			name = Products;
			sourceTree = "<group>";
		};
		EC8ED2032DE436A300CDB667 /* Frameworks */ = {
			isa = PBXGroup;
			children = (
				EC8ED2182DE43C6100CDB667 /* AdSupport.framework */,
				EC8ED2162DE43C0100CDB667 /* AppTrackingTransparency.framework */,
				EC8ED2042DE436A400CDB667 /* StoreKit.framework */,
			);
			name = Frameworks;
			sourceTree = "<group>";
		};
		ECAFEF022DE6A5ED0036E4A1 /* Views */ = {
			isa = PBXGroup;
			children = (
				ECAFEEFE2DE6244E0036E4A1 /* ContentView.swift */,
				EC2D7C782DE57E9D00BEF651 /* CalculatorView.swift */,
				ECAFEF002DE62B310036E4A1 /* StocksTriviaView.swift */,
				EC2D7C7A2DE57E9D00BEF651 /* SettingsView.swift */,
			);
			path = Views;
			sourceTree = "<group>";
		};
		ECAFEF032DE6A6030036E4A1 /* Components */ = {
			isa = PBXGroup;
			children = (
				EC2D7C752DE57E9D00BEF651 /* Constants.swift */,
				EC77B6952E3A9A4B001C4229 /* InterstitialAdManager.swift */,
				EC2D7C772DE57E9D00BEF651 /* BannerAds.swift */,
			);
			path = Components;
			sourceTree = "<group>";
		};
/* End PBXGroup section */

/* Begin PBXNativeTarget section */
		EC8ED1F02DE2AD3100CDB667 /* Stock Profit Calculator */ = {
			isa = PBXNativeTarget;
			buildConfigurationList = EC8ED1FC2DE2AD3300CDB667 /* Build configuration list for PBXNativeTarget "Stock Profit Calculator" */;
			buildPhases = (
				EC8ED1ED2DE2AD3100CDB667 /* Sources */,
				EC8ED1EE2DE2AD3100CDB667 /* Frameworks */,
				EC8ED1EF2DE2AD3100CDB667 /* Resources */,
			);
			buildRules = (
			);
			dependencies = (
			);
			name = "Stock Profit Calculator";
			packageProductDependencies = (
				EC8ED2112DE439B100CDB667 /* FirebaseAnalytics */,
				EC2D7C5D2DE5587100BEF651 /* GoogleMobileAds */,
				ECAF1E902DEFCCD500D5AA6D /* FirebaseAnalyticsWithoutAdIdSupport */,
				EC3CFC1F2F86E7F5005AA293 /* RevenueCat */,
				EC3CFC212F86E7F5005AA293 /* RevenueCatUI */,
			);
			productName = "Stock Profit Calculator";
			productReference = EC8ED1F12DE2AD3100CDB667 /* Stock Profit Calculator.app */;
			productType = "com.apple.product-type.application";
		};
/* End PBXNativeTarget section */

/* Begin PBXProject section */
		EC8ED1E92DE2AD3100CDB667 /* Project object */ = {
			isa = PBXProject;
			attributes = {
				BuildIndependentTargetsInParallel = 1;
				LastSwiftUpdateCheck = 1630;
				LastUpgradeCheck = 2620;
				TargetAttributes = {
					EC8ED1F02DE2AD3100CDB667 = {
						CreatedOnToolsVersion = 16.3;
					};
				};
			};
			buildConfigurationList = EC8ED1EC2DE2AD3100CDB667 /* Build configuration list for PBXProject "Stock Profit Calculator" */;
			developmentRegion = en;
			hasScannedForEncodings = 0;
			knownRegions = (
				en,
				Base,
				ar,
				bn,
				bg,
				ca,
				"zh-HK",
				"zh-Hans",
				"zh-Hant",
				hr,
				cs,
				da,
				"en-AU",
				nl,
				"en-GB",
				"en-IN",
				fi,
				fr,
				"fr-CA",
				de,
				gu,
				el,
				he,
				hi,
				hu,
				id,
				it,
				ja,
				"es-US",
				"es-419",
				uk,
				tr,
				th,
				sv,
				es,
				sl,
				ru,
				sk,
				ro,
				vi,
				"pt-PT",
				"pt-BR",
				pl,
				ko,
				ms,
				"id-ID",
			);
			mainGroup = EC8ED1E82DE2AD3100CDB667;
			minimizedProjectReferenceProxies = 1;
			packageReferences = (
				EC8ED2102DE439B100CDB667 /* XCRemoteSwiftPackageReference "firebase-ios-sdk" */,
				EC2D7C5C2DE5587100BEF651 /* XCRemoteSwiftPackageReference "swift-package-manager-google-mobile-ads" */,
				EC3CFC1E2F86E7F5005AA293 /* XCRemoteSwiftPackageReference "purchases-ios-spm" */,
			);
			preferredProjectObjectVersion = 77;
			productRefGroup = EC8ED1F22DE2AD3100CDB667 /* Products */;
			projectDirPath = "";
			projectRoot = "";
			targets = (
				EC8ED1F02DE2AD3100CDB667 /* Stock Profit Calculator */,
			);
		};
/* End PBXProject section */

/* Begin PBXResourcesBuildPhase section */
		EC8ED1EF2DE2AD3100CDB667 /* Resources */ = {
			isa = PBXResourcesBuildPhase;
			buildActionMask = 2147483647;
			files = (
				EC2D7C862DE57E9D00BEF651 /* Assets.xcassets in Resources */,
				EC12E74B2DE7E358003E02E6 /* Stock-Profit-Calculator-InfoPlist.xcstrings in Resources */,
				ECAF1E8F2DEFC62A00D5AA6D /* GoogleService-Info.plist in Resources */,
				EC2D7C872DE57E9D00BEF651 /* StoreConfig.storekit in Resources */,
				EC12E7492DE7E198003E02E6 /* Localizable.xcstrings in Resources */,
			);
			runOnlyForDeploymentPostprocessing = 0;
		};
/* End PBXResourcesBuildPhase section */

/* Begin PBXSourcesBuildPhase section */
		EC8ED1ED2DE2AD3100CDB667 /* Sources */ = {
			isa = PBXSourcesBuildPhase;
			buildActionMask = 2147483647;
			files = (
				EC2D7C812DE57E9D00BEF651 /* Constants.swift in Sources */,
				EC2D7C822DE57E9D00BEF651 /* BannerAds.swift in Sources */,
				EC77B6962E3A9A4B001C4229 /* InterstitialAdManager.swift in Sources */,
				ECAFEEFF2DE6244E0036E4A1 /* ContentView.swift in Sources */,
				EC2D7C832DE57E9D00BEF651 /* CalculatorView.swift in Sources */,
				EC2D7C842DE57E9D00BEF651 /* SettingsView.swift in Sources */,
				EC2D7C852DE57E9D00BEF651 /* Stock_Profit_CalculatorApp.swift in Sources */,
				ECAFEF012DE62B310036E4A1 /* StocksTriviaView.swift in Sources */,
			);
			runOnlyForDeploymentPostprocessing = 0;
		};
/* End PBXSourcesBuildPhase section */

/* Begin XCBuildConfiguration section */
		EC8ED1FA2DE2AD3300CDB667 /* Debug */ = {
			isa = XCBuildConfiguration;
			buildSettings = {
				ALWAYS_SEARCH_USER_PATHS = NO;
				ASSETCATALOG_COMPILER_GENERATE_SWIFT_ASSET_SYMBOL_EXTENSIONS = YES;
				CLANG_ANALYZER_LOCALIZABILITY_NONLOCALIZED = YES;
				CLANG_ANALYZER_NONNULL = YES;
				CLANG_ANALYZER_NUMBER_OBJECT_CONVERSION = YES_AGGRESSIVE;
				CLANG_CXX_LANGUAGE_STANDARD = "gnu++20";
				CLANG_ENABLE_MODULES = YES;
				CLANG_ENABLE_OBJC_ARC = YES;
				CLANG_ENABLE_OBJC_WEAK = YES;
				CLANG_WARN_BLOCK_CAPTURE_AUTORELEASING = YES;
				CLANG_WARN_BOOL_CONVERSION = YES;
				CLANG_WARN_COMMA = YES;
				CLANG_WARN_CONSTANT_CONVERSION = YES;
				CLANG_WARN_DEPRECATED_OBJC_IMPLEMENTATIONS = YES;
				CLANG_WARN_DIRECT_OBJC_ISA_USAGE = YES_ERROR;
				CLANG_WARN_DOCUMENTATION_COMMENTS = YES;
				CLANG_WARN_EMPTY_BODY = YES;
				CLANG_WARN_ENUM_CONVERSION = YES;
				CLANG_WARN_INFINITE_RECURSION = YES;
				CLANG_WARN_INT_CONVERSION = YES;
				CLANG_WARN_NON_LITERAL_NULL_CONVERSION = YES;
				CLANG_WARN_OBJC_IMPLICIT_RETAIN_SELF = YES;
				CLANG_WARN_OBJC_LITERAL_CONVERSION = YES;
				CLANG_WARN_OBJC_ROOT_CLASS = YES_ERROR;
				CLANG_WARN_QUOTED_INCLUDE_IN_FRAMEWORK_HEADER = YES;
				CLANG_WARN_RANGE_LOOP_ANALYSIS = YES;
				CLANG_WARN_STRICT_PROTOTYPES = YES;
				CLANG_WARN_SUSPICIOUS_MOVE = YES;
				CLANG_WARN_UNGUARDED_AVAILABILITY = YES_AGGRESSIVE;
				CLANG_WARN_UNREACHABLE_CODE = YES;
				CLANG_WARN__DUPLICATE_METHOD_MATCH = YES;
				COPY_PHASE_STRIP = NO;
				DEBUG_INFORMATION_FORMAT = dwarf;
				DEVELOPMENT_TEAM = 5C778DVBP3;
				ENABLE_STRICT_OBJC_MSGSEND = YES;
				ENABLE_TESTABILITY = YES;
				ENABLE_USER_SCRIPT_SANDBOXING = YES;
				GCC_C_LANGUAGE_STANDARD = gnu17;
				GCC_DYNAMIC_NO_PIC = NO;
				GCC_NO_COMMON_BLOCKS = YES;
				GCC_OPTIMIZATION_LEVEL = 0;
				GCC_PREPROCESSOR_DEFINITIONS = (
					"DEBUG=1",
					"$(inherited)",
				);
				GCC_WARN_64_TO_32_BIT_CONVERSION = YES;
				GCC_WARN_ABOUT_RETURN_TYPE = YES_ERROR;
				GCC_WARN_UNDECLARED_SELECTOR = YES;
				GCC_WARN_UNINITIALIZED_AUTOS = YES_AGGRESSIVE;
				GCC_WARN_UNUSED_FUNCTION = YES;
				GCC_WARN_UNUSED_VARIABLE = YES;
				IPHONEOS_DEPLOYMENT_TARGET = 18.4;
				LOCALIZATION_PREFERS_STRING_CATALOGS = YES;
				MTL_ENABLE_DEBUG_INFO = INCLUDE_SOURCE;
				MTL_FAST_MATH = YES;
				ONLY_ACTIVE_ARCH = YES;
				SDKROOT = iphoneos;
				STRING_CATALOG_GENERATE_SYMBOLS = YES;
				SWIFT_ACTIVE_COMPILATION_CONDITIONS = "DEBUG $(inherited)";
				SWIFT_EMIT_LOC_STRINGS = YES;
				SWIFT_OPTIMIZATION_LEVEL = "-Onone";
			};
			name = Debug;
		};
		EC8ED1FB2DE2AD3300CDB667 /* Release */ = {
			isa = XCBuildConfiguration;
			buildSettings = {
				ALWAYS_SEARCH_USER_PATHS = NO;
				ASSETCATALOG_COMPILER_GENERATE_SWIFT_ASSET_SYMBOL_EXTENSIONS = YES;
				CLANG_ANALYZER_LOCALIZABILITY_NONLOCALIZED = YES;
				CLANG_ANALYZER_NONNULL = YES;
				CLANG_ANALYZER_NUMBER_OBJECT_CONVERSION = YES_AGGRESSIVE;
				CLANG_CXX_LANGUAGE_STANDARD = "gnu++20";
				CLANG_ENABLE_MODULES = YES;
				CLANG_ENABLE_OBJC_ARC = YES;
				CLANG_ENABLE_OBJC_WEAK = YES;
				CLANG_WARN_BLOCK_CAPTURE_AUTORELEASING = YES;
				CLANG_WARN_BOOL_CONVERSION = YES;
				CLANG_WARN_COMMA = YES;
				CLANG_WARN_CONSTANT_CONVERSION = YES;
				CLANG_WARN_DEPRECATED_OBJC_IMPLEMENTATIONS = YES;
				CLANG_WARN_DIRECT_OBJC_ISA_USAGE = YES_ERROR;
				CLANG_WARN_DOCUMENTATION_COMMENTS = YES;
				CLANG_WARN_EMPTY_BODY = YES;
				CLANG_WARN_ENUM_CONVERSION = YES;
				CLANG_WARN_INFINITE_RECURSION = YES;
				CLANG_WARN_INT_CONVERSION = YES;
				CLANG_WARN_NON_LITERAL_NULL_CONVERSION = YES;
				CLANG_WARN_OBJC_IMPLICIT_RETAIN_SELF = YES;
				CLANG_WARN_OBJC_LITERAL_CONVERSION = YES;
				CLANG_WARN_OBJC_ROOT_CLASS = YES_ERROR;
				CLANG_WARN_QUOTED_INCLUDE_IN_FRAMEWORK_HEADER = YES;
				CLANG_WARN_RANGE_LOOP_ANALYSIS = YES;
				CLANG_WARN_STRICT_PROTOTYPES = YES;
				CLANG_WARN_SUSPICIOUS_MOVE = YES;
				CLANG_WARN_UNGUARDED_AVAILABILITY = YES_AGGRESSIVE;
				CLANG_WARN_UNREACHABLE_CODE = YES;
				CLANG_WARN__DUPLICATE_METHOD_MATCH = YES;
				COPY_PHASE_STRIP = NO;
				DEBUG_INFORMATION_FORMAT = "dwarf-with-dsym";
				DEVELOPMENT_TEAM = 5C778DVBP3;
				ENABLE_NS_ASSERTIONS = NO;
				ENABLE_STRICT_OBJC_MSGSEND = YES;
				ENABLE_USER_SCRIPT_SANDBOXING = YES;
				GCC_C_LANGUAGE_STANDARD = gnu17;
				GCC_NO_COMMON_BLOCKS = YES;
				GCC_WARN_64_TO_32_BIT_CONVERSION = YES;
				GCC_WARN_ABOUT_RETURN_TYPE = YES_ERROR;
				GCC_WARN_UNDECLARED_SELECTOR = YES;
				GCC_WARN_UNINITIALIZED_AUTOS = YES_AGGRESSIVE;
				GCC_WARN_UNUSED_FUNCTION = YES;
				GCC_WARN_UNUSED_VARIABLE = YES;
				IPHONEOS_DEPLOYMENT_TARGET = 18.4;
				LOCALIZATION_PREFERS_STRING_CATALOGS = YES;
				MTL_ENABLE_DEBUG_INFO = NO;
				MTL_FAST_MATH = YES;
				SDKROOT = iphoneos;
				STRING_CATALOG_GENERATE_SYMBOLS = YES;
				SWIFT_COMPILATION_MODE = wholemodule;
				SWIFT_EMIT_LOC_STRINGS = YES;
				VALIDATE_PRODUCT = YES;
			};
			name = Release;
		};
		EC8ED1FD2DE2AD3300CDB667 /* Debug */ = {
			isa = XCBuildConfiguration;
			buildSettings = {
				ASSETCATALOG_COMPILER_APPICON_NAME = AppIcon;
				ASSETCATALOG_COMPILER_GLOBAL_ACCENT_COLOR_NAME = AccentColor;
				CODE_SIGN_STYLE = Automatic;
				CURRENT_PROJECT_VERSION = 78;
				DEVELOPMENT_TEAM = 5C778DVBP3;
				ENABLE_PREVIEWS = YES;
				GENERATE_INFOPLIST_FILE = YES;
				INFOPLIST_FILE = "Stock-Profit-Calculator-Info.plist";
				INFOPLIST_KEY_CFBundleDisplayName = "Stock Profit";
				INFOPLIST_KEY_LSApplicationCategoryType = "public.app-category.utilities";
				INFOPLIST_KEY_NSUserTrackingUsageDescription = "This identifier will be used to show personlized ads ";
				INFOPLIST_KEY_UIApplicationSceneManifest_Generation = YES;
				INFOPLIST_KEY_UIApplicationSupportsIndirectInputEvents = YES;
				INFOPLIST_KEY_UILaunchScreen_Generation = YES;
				INFOPLIST_KEY_UISupportedInterfaceOrientations = UIInterfaceOrientationPortrait;
				INFOPLIST_KEY_UISupportedInterfaceOrientations_iPad = "UIInterfaceOrientationLandscapeLeft UIInterfaceOrientationLandscapeRight UIInterfaceOrientationPortrait UIInterfaceOrientationPortraitUpsideDown";
				IPHONEOS_DEPLOYMENT_TARGET = 18.0;
				LD_RUNPATH_SEARCH_PATHS = (
					"$(inherited)",
					"@executable_path/Frameworks",
				);
				MARKETING_VERSION = 5;
				PRODUCT_BUNDLE_IDENTIFIER = com.maicol.stockprofit;
				PRODUCT_NAME = "$(TARGET_NAME)";
				SUPPORTED_PLATFORMS = "iphoneos iphonesimulator";
				SUPPORTS_MACCATALYST = NO;
				SUPPORTS_MAC_DESIGNED_FOR_IPHONE_IPAD = NO;
				SUPPORTS_XR_DESIGNED_FOR_IPHONE_IPAD = NO;
				SWIFT_EMIT_LOC_STRINGS = YES;
				SWIFT_VERSION = 5.0;
				TARGETED_DEVICE_FAMILY = "1,2";
			};
			name = Debug;
		};
		EC8ED1FE2DE2AD3300CDB667 /* Release */ = {
			isa = XCBuildConfiguration;
			buildSettings = {
				ASSETCATALOG_COMPILER_APPICON_NAME = AppIcon;
				ASSETCATALOG_COMPILER_GLOBAL_ACCENT_COLOR_NAME = AccentColor;
				CODE_SIGN_STYLE = Automatic;
				CURRENT_PROJECT_VERSION = 78;
				DEVELOPMENT_TEAM = 5C778DVBP3;
				ENABLE_PREVIEWS = YES;
				GENERATE_INFOPLIST_FILE = YES;
				INFOPLIST_FILE = "Stock-Profit-Calculator-Info.plist";
				INFOPLIST_KEY_CFBundleDisplayName = "Stock Profit";
				INFOPLIST_KEY_LSApplicationCategoryType = "public.app-category.utilities";
				INFOPLIST_KEY_NSUserTrackingUsageDescription = "This identifier will be used to show personlized ads ";
				INFOPLIST_KEY_UIApplicationSceneManifest_Generation = YES;
				INFOPLIST_KEY_UIApplicationSupportsIndirectInputEvents = YES;
				INFOPLIST_KEY_UILaunchScreen_Generation = YES;
				INFOPLIST_KEY_UISupportedInterfaceOrientations = UIInterfaceOrientationPortrait;
				INFOPLIST_KEY_UISupportedInterfaceOrientations_iPad = "UIInterfaceOrientationLandscapeLeft UIInterfaceOrientationLandscapeRight UIInterfaceOrientationPortrait UIInterfaceOrientationPortraitUpsideDown";
				IPHONEOS_DEPLOYMENT_TARGET = 18.0;
				LD_RUNPATH_SEARCH_PATHS = (
					"$(inherited)",
					"@executable_path/Frameworks",
				);
				MARKETING_VERSION = 5;
				PRODUCT_BUNDLE_IDENTIFIER = com.maicol.stockprofit;
				PRODUCT_NAME = "$(TARGET_NAME)";
				SUPPORTED_PLATFORMS = "iphoneos iphonesimulator";
				SUPPORTS_MACCATALYST = NO;
				SUPPORTS_MAC_DESIGNED_FOR_IPHONE_IPAD = NO;
				SUPPORTS_XR_DESIGNED_FOR_IPHONE_IPAD = NO;
				SWIFT_EMIT_LOC_STRINGS = YES;
				SWIFT_VERSION = 5.0;
				TARGETED_DEVICE_FAMILY = "1,2";
			};
			name = Release;
		};
/* End XCBuildConfiguration section */

/* Begin XCConfigurationList section */
		EC8ED1EC2DE2AD3100CDB667 /* Build configuration list for PBXProject "Stock Profit Calculator" */ = {
			isa = XCConfigurationList;
			buildConfigurations = (
				EC8ED1FA2DE2AD3300CDB667 /* Debug */,
				EC8ED1FB2DE2AD3300CDB667 /* Release */,
			);
			defaultConfigurationIsVisible = 0;
			defaultConfigurationName = Release;
		};
		EC8ED1FC2DE2AD3300CDB667 /* Build configuration list for PBXNativeTarget "Stock Profit Calculator" */ = {
			isa = XCConfigurationList;
			buildConfigurations = (
				EC8ED1FD2DE2AD3300CDB667 /* Debug */,
				EC8ED1FE2DE2AD3300CDB667 /* Release */,
			);
			defaultConfigurationIsVisible = 0;
			defaultConfigurationName = Release;
		};
/* End XCConfigurationList section */

/* Begin XCRemoteSwiftPackageReference section */
		EC2D7C5C2DE5587100BEF651 /* XCRemoteSwiftPackageReference "swift-package-manager-google-mobile-ads" */ = {
			isa = XCRemoteSwiftPackageReference;
			repositoryURL = "https://github.com/googleads/swift-package-manager-google-mobile-ads.git";
			requirement = {
				kind = upToNextMajorVersion;
				minimumVersion = 12.4.0;
			};
		};
		EC3CFC1E2F86E7F5005AA293 /* XCRemoteSwiftPackageReference "purchases-ios-spm" */ = {
			isa = XCRemoteSwiftPackageReference;
			repositoryURL = "https://github.com/RevenueCat/purchases-ios-spm";
			requirement = {
				kind = upToNextMajorVersion;
				minimumVersion = 5.67.1;
			};
		};
		EC8ED2102DE439B100CDB667 /* XCRemoteSwiftPackageReference "firebase-ios-sdk" */ = {
			isa = XCRemoteSwiftPackageReference;
			repositoryURL = "https://github.com/firebase/firebase-ios-sdk";
			requirement = {
				kind = upToNextMajorVersion;
				minimumVersion = 11.13.0;
			};
		};
/* End XCRemoteSwiftPackageReference section */

/* Begin XCSwiftPackageProductDependency section */
		EC2D7C5D2DE5587100BEF651 /* GoogleMobileAds */ = {
			isa = XCSwiftPackageProductDependency;
			package = EC2D7C5C2DE5587100BEF651 /* XCRemoteSwiftPackageReference "swift-package-manager-google-mobile-ads" */;
			productName = GoogleMobileAds;
		};
		EC3CFC1F2F86E7F5005AA293 /* RevenueCat */ = {
			isa = XCSwiftPackageProductDependency;
			package = EC3CFC1E2F86E7F5005AA293 /* XCRemoteSwiftPackageReference "purchases-ios-spm" */;
			productName = RevenueCat;
		};
		EC3CFC212F86E7F5005AA293 /* RevenueCatUI */ = {
			isa = XCSwiftPackageProductDependency;
			package = EC3CFC1E2F86E7F5005AA293 /* XCRemoteSwiftPackageReference "purchases-ios-spm" */;
			productName = RevenueCatUI;
		};
		EC8ED2112DE439B100CDB667 /* FirebaseAnalytics */ = {
			isa = XCSwiftPackageProductDependency;
			package = EC8ED2102DE439B100CDB667 /* XCRemoteSwiftPackageReference "firebase-ios-sdk" */;
			productName = FirebaseAnalytics;
		};
		ECAF1E902DEFCCD500D5AA6D /* FirebaseAnalyticsWithoutAdIdSupport */ = {
			isa = XCSwiftPackageProductDependency;
			package = EC8ED2102DE439B100CDB667 /* XCRemoteSwiftPackageReference "firebase-ios-sdk" */;
			productName = FirebaseAnalyticsWithoutAdIdSupport;
		};
/* End XCSwiftPackageProductDependency section */
	};
	rootObject = EC8ED1E92DE2AD3100CDB667 /* Project object */;
}
